
Microsoft Visual Studio Solution File, Format Version 12.00
# Visual Studio Version 17
VisualStudioVersion = 17.0.31903.59
MinimumVisualStudioVersion = 10.0.40219.1
Project("{FAE04EC0-301F-11D3-BF4B-00C04F79EFBC}") = "OrderManagement.Domain", "OrderManagement.Domain\OrderManagement.Domain.csproj", "{5849374E-D0D0-453D-9573-37B7A5B53379}"
EndProject
Project("{FAE04EC0-301F-11D3-BF4B-00C04F79EFBC}") = "OrderManagement.Application", "OrderManagement.Application\OrderManagement.Application.csproj", "{DF67EA37-601F-4DAD-B0E2-6B5559945C37}"
EndProject
Project("{FAE04EC0-301F-11D3-BF4B-00C04F79EFBC}") = "OrderManagement.Infrastructure", "OrderManagement.Infrastructure\OrderManagement.Infrastructure.csproj", "{EDAD90AC-089F-40EF-8E1B-BA5C371029A0}"
EndProject
Project("{FAE04EC0-301F-11D3-BF4B-00C04F79EFBC}") = "OrderManagement.Api", "OrderManagement.Api\OrderManagement.Api.csproj", "{F804E028-3389-4AF0-AA37-5407DA5B9E3C}"
EndProject
Project("{FAE04EC0-301F-11D3-BF4B-00C04F79EFBC}") = "OrderManagement.Worker", "OrderManagement.Worker\OrderManagement.Worker.csproj", "{B12F7F38-3105-436A-9735-64B6789A81D5}"
EndProject
Project("{FAE04EC0-301F-11D3-BF4B-00C04F79EFBC}") = "OrderManagement.Domain.Tests", "..\tests\OrderManagement.Domain.Tests\OrderManagement.Domain.Tests.csproj", "{7251CB3F-131C-4D2C-AD85-E4B3E8FD8F9D}"
EndProject
Global
	GlobalSection(SolutionConfigurationPlatforms) = preSolution
		Debug|Any CPU = Debug|Any CPU
		Debug|x64 = Debug|x64
		Debug|x86 = Debug|x86
		Release|Any CPU = Release|Any CPU
		Release|x64 = Release|x64
		Release|x86 = Release|x86
	EndGlobalSection
	GlobalSection(ProjectConfigurationPlatforms) = postSolution
		{5849374E-D0D0-453D-9573-37B7A5B53379}.Debug|Any CPU.ActiveCfg = Debug|Any CPU
		{5849374E-D0D0-453D-9573-37B7A5B53379}.Debug|Any CPU.Build.0 = Debug|Any CPU
		{5849374E-D0D0-453D-9573-37B7A5B53379}.Debug|x64.ActiveCfg = Debug|Any CPU
		{5849374E-D0D0-453D-9573-37B7A5B53379}.Debug|x64.Build.0 = Debug|Any CPU
		{5849374E-D0D0-453D-9573-37B7A5B53379}.Debug|x86.ActiveCfg = Debug|Any CPU
		{5849374E-D0D0-453D-9573-37B7A5B53379}.Debug|x86.Build.0 = Debug|Any CPU
		{5849374E-D0D0-453D-9573-37B7A5B53379}.Release|Any CPU.ActiveCfg = Release|Any CPU
		{5849374E-D0D0-453D-9573-37B7A5B53379}.Release|Any CPU.Build.0 = Release|Any CPU
		{5849374E-D0D0-453D-9573-37B7A5B53379}.Release|x64.ActiveCfg = Release|Any CPU
		{5849374E-D0D0-453D-9573-37B7A5B53379}.Release|x64.Build.0 = Release|Any CPU
		{5849374E-D0D0-453D-9573-37B7A5B53379}.Release|x86.ActiveCfg = Release|Any CPU
		{5849374E-D0D0-453D-9573-37B7A5B53379}.Release|x86.Build.0 = Release|Any CPU
		{DF67EA37-601F-4DAD-B0E2-6B5559945C37}.Debug|Any CPU.ActiveCfg = Debug|Any CPU
		{DF67EA37-601F-4DAD-B0E2-6B5559945C37}.Debug|Any CPU.Build.0 = Debug|Any CPU
		{DF67EA37-601F-4DAD-B0E2-6B5559945C37}.Debug|x64.ActiveCfg = Debug|Any CPU
		{DF67EA37-601F-4DAD-B0E2-6B5559945C37}.Debug|x64.Build.0 = Debug|Any CPU
		{DF67EA37-601F-4DAD-B0E2-6B5559945C37}.Debug|x86.ActiveCfg = Debug|Any CPU
		{DF67EA37-601F-4DAD-B0E2-6B5559945C37}.Debug|x86.Build.0 = Debug|Any CPU
		{DF67EA37-601F-4DAD-B0E2-6B5559945C37}.Release|Any CPU.ActiveCfg = Release|Any CPU
		{DF67EA37-601F-4DAD-B0E2-6B5559945C37}.Release|Any CPU.Build.0 = Release|Any CPU
		{DF67EA37-601F-4DAD-B0E2-6B5559945C37}.Release|x64.ActiveCfg = Release|Any CPU
		{DF67EA37-601F-4DAD-B0E2-6B5559945C37}.Release|x64.Build.0 = Release|Any CPU
		{DF67EA37-601F-4DAD-B0E2-6B5559945C37}.Release|x86.ActiveCfg = Release|Any CPU
		{DF67EA37-601F-4DAD-B0E2-6B5559945C37}.Release|x86.Build.0 = Release|Any CPU
		{EDAD90AC-089F-40EF-8E1B-BA5C371029A0}.Debug|Any CPU.ActiveCfg = Debug|Any CPU
		{EDAD90AC-089F-40EF-8E1B-BA5C371029A0}.Debug|Any CPU.Build.0 = Debug|Any CPU
		{EDAD90AC-089F-40EF-8E1B-BA5C371029A0}.Debug|x64.ActiveCfg = Debug|Any CPU
		{EDAD90AC-089F-40EF-8E1B-BA5C371029A0}.Debug|x64.Build.0 = Debug|Any CPU
		{EDAD90AC-089F-40EF-8E1B-BA5C371029A0}.Debug|x86.ActiveCfg = Debug|Any CPU
		{EDAD90AC-089F-40EF-8E1B-BA5C371029A0}.Debug|x86.Build.0 = Debug|Any CPU
		{EDAD90AC-089F-40EF-8E1B-BA5C371029A0}.Release|Any CPU.ActiveCfg = Release|Any CPU
		{EDAD90AC-089F-40EF-8E1B-BA5C371029A0}.Release|Any CPU.Build.0 = Release|Any CPU
		{EDAD90AC-089F-40EF-8E1B-BA5C371029A0}.Release|x64.ActiveCfg = Release|Any CPU
		{EDAD90AC-089F-40EF-8E1B-BA5C371029A0}.Release|x64.Build.0 = Release|Any CPU
		{EDAD90AC-089F-40EF-8E1B-BA5C371029A0}.Release|x86.ActiveCfg = Release|Any CPU
		{EDAD90AC-089F-40EF-8E1B-BA5C371029A0}.Release|x86.Build.0 = Release|Any CPU
		{F804E028-3389-4AF0-AA37-5407DA5B9E3C}.Debug|Any CPU.ActiveCfg = Debug|Any CPU
		{F804E028-3389-4AF0-AA37-5407DA5B9E3C}.Debug|Any CPU.Build.0 = Debug|Any CPU
		{F804E028-3389-4AF0-AA37-5407DA5B9E3C}.Debug|x64.ActiveCfg = Debug|Any CPU
		{F804E028-3389-4AF0-AA37-5407DA5B9E3C}.Debug|x64.Build.0 = Debug|Any CPU
		{F804E028-3389-4AF0-AA37-5407DA5B9E3C}.Debug|x86.ActiveCfg = Debug|Any CPU
		{F804E028-3389-4AF0-AA37-5407DA5B9E3C}.Debug|x86.Build.0 = Debug|Any CPU
		{F804E028-3389-4AF0-AA37-5407DA5B9E3C}.Release|Any CPU.ActiveCfg = Release|Any CPU
		{F804E028-3389-4AF0-AA37-5407DA5B9E3C}.Release|Any CPU.Build.0 = Release|Any CPU
		{F804E028-3389-4AF0-AA37-5407DA5B9E3C}.Release|x64.ActiveCfg = Release|Any CPU
		{F804E028-3389-4AF0-AA37-5407DA5B9E3C}.Release|x64.Build.0 = Release|Any CPU
		{F804E028-3389-4AF0-AA37-5407DA5B9E3C}.Release|x86.ActiveCfg = Release|Any CPU
		{F804E028-3389-4AF0-AA37-5407DA5B9E3C}.Release|x86.Build.0 = Release|Any CPU
		{B12F7F38-3105-436A-9735-64B6789A81D5}.Debug|Any CPU.ActiveCfg = Debug|Any CPU
		{B12F7F38-3105-436A-9735-64B6789A81D5}.Debug|Any CPU.Build.0 = Debug|Any CPU
		{B12F7F38-3105-436A-9735-64B6789A81D5}.Debug|x64.ActiveCfg = Debug|Any CPU
		{B12F7F38-3105-436A-9735-64B6789A81D5}.Debug|x64.Build.0 = Debug|Any CPU
		{B12F7F38-3105-436A-9735-64B6789A81D5}.Debug|x86.ActiveCfg = Debug|Any CPU
		{B12F7F38-3105-436A-9735-64B6789A81D5}.Debug|x86.Build.0 = Debug|Any CPU
		{B12F7F38-3105-436A-9735-64B6789A81D5}.Release|Any CPU.ActiveCfg = Release|Any CPU
		{B12F7F38-3105-436A-9735-64B6789A81D5}.Release|Any CPU.Build.0 = Release|Any CPU
		{B12F7F38-3105-436A-9735-64B6789A81D5}.Release|x64.ActiveCfg = Release|Any CPU
		{B12F7F38-3105-436A-9735-64B6789A81D5}.Release|x64.Build.0 = Release|Any CPU
		{B12F7F38-3105-436A-9735-64B6789A81D5}.Release|x86.ActiveCfg = Release|Any CPU
		{B12F7F38-3105-436A-9735-64B6789A81D5}.Release|x86.Build.0 = Release|Any CPU
		{7251CB3F-131C-4D2C-AD85-E4B3E8FD8F9D}.Debug|Any CPU.ActiveCfg = Debug|Any CPU
		{7251CB3F-131C-4D2C-AD85-E4B3E8FD8F9D}.Debug|Any CPU.Build.0 = Debug|Any CPU
		{7251CB3F-131C-4D2C-AD85-E4B3E8FD8F9D}.Debug|x64.ActiveCfg = Debug|Any CPU
		{7251CB3F-131C-4D2C-AD85-E4B3E8FD8F9D}.Debug|x64.Build.0 = Debug|Any CPU
		{7251CB3F-131C-4D2C-AD85-E4B3E8FD8F9D}.Debug|x86.ActiveCfg = Debug|Any CPU
		{7251CB3F-131C-4D2C-AD85-E4B3E8FD8F9D}.Debug|x86.Build.0 = Debug|Any CPU
		{7251CB3F-131C-4D2C-AD85-E4B3E8FD8F9D}.Release|Any CPU.ActiveCfg = Release|Any CPU
		{7251CB3F-131C-4D2C-AD85-E4B3E8FD8F9D}.Release|Any CPU.Build.0 = Release|Any CPU
		{7251CB3F-131C-4D2C-AD85-E4B3E8FD8F9D}.Release|x64.ActiveCfg = Release|Any CPU
		{7251CB3F-131C-4D2C-AD85-E4B3E8FD8F9D}.Release|x64.Build.0 = Release|Any CPU
		{7251CB3F-131C-4D2C-AD85-E4B3E8FD8F9D}.Release|x86.ActiveCfg = Release|Any CPU
		{7251CB3F-131C-4D2C-AD85-E4B3E8FD8F9D}.Release|x86.Build.0 = Release|Any CPU
	EndGlobalSection
	GlobalSection(SolutionProperties) = preSolution
		HideSolutionNode = FALSE
	EndGlobalSection
EndGlobal
